
Microsoft Visual Studio Solution File, Format Version 12.00
# Visual Studio Version 17
VisualStudioVersion = 17.9.34701.34
MinimumVisualStudioVersion = 10.0.40219.1
Project("{FAE04EC0-301F-11D3-BF4B-00C04F79EFBC}") = "sistemaprueba", "sistemaprueba\sistemaprueba.csproj", "{CDB71191-B1E5-4136-9CBE-B2FF40C3AF34}"
EndProject
Global
	GlobalSection(SolutionConfigurationPlatforms) = preSolution
		Debug|Any CPU = Debug|Any CPU
		Release|Any CPU = Release|Any CPU
	EndGlobalSection
	GlobalSection(ProjectConfigurationPlatforms) = postSolution
		{CDB71191-B1E5-4136-9CBE-B2FF40C3AF34}.Debug|Any CPU.ActiveCfg = Debug|Any CPU
		{CDB71191-B1E5-4136-9CBE-B2FF40C3AF34}.Debug|Any CPU.Build.0 = Debug|Any CPU
		{CDB71191-B1E5-4136-9CBE-B2FF40C3AF34}.Release|Any CPU.ActiveCfg = Release|Any CPU
		{CDB71191-B1E5-4136-9CBE-B2FF40C3AF34}.Release|Any CPU.Build.0 = Release|Any CPU
	EndGlobalSection
	GlobalSection(SolutionProperties) = preSolution
		HideSolutionNode = FALSE
	EndGlobalSection
	GlobalSection(ExtensibilityGlobals) = postSolution
		SolutionGuid = {26D2793D-8F63-4D39-B61C-7CFED5BB761B}
	EndGlobalSection
EndGlobal
